// !$*UTF8*$!
{
	archiveVersion = 1;
	classes = {
	};
	objectVersion = 46;
	objects = {

/* Begin PBXBuildFile section */
		4E1BC5ED1C74F65100E8F0A1 /* SeatModel.m in Sources */ = {isa = PBXBuildFile; fileRef = 4E1BC5EC1C74F65100E8F0A1 /* SeatModel.m */; };
		4E2B632D1C72522E00D4CA3E /* Seat.m in Sources */ = {isa = PBXBuildFile; fileRef = 4E2B632C1C72522E00D4CA3E /* Seat.m */; };
		4E2B63371C73B27000D4CA3E /* DriverSeatView.xib in Resources */ = {isa = PBXBuildFile; fileRef = 4E2B63361C73B27000D4CA3E /* DriverSeatView.xib */; };
		4EED68171C6F72C100C6479A /* main.m in Sources */ = {isa = PBXBuildFile; fileRef = 4EED68161C6F72C100C6479A /* main.m */; };
		4EED681A1C6F72C100C6479A /* AppDelegate.m in Sources */ = {isa = PBXBuildFile; fileRef = 4EED68191C6F72C100C6479A /* AppDelegate.m */; };
		4EED681D1C6F72C100C6479A /* SeatLayoutController.m in Sources */ = {isa = PBXBuildFile; fileRef = 4EED681C1C6F72C100C6479A /* SeatLayoutController.m */; };
		4EED68201C6F72C100C6479A /* Main.storyboard in Resources */ = {isa = PBXBuildFile; fileRef = 4EED681E1C6F72C100C6479A /* Main.storyboard */; };
		4EED68221C6F72C100C6479A /* Assets.xcassets in Resources */ = {isa = PBXBuildFile; fileRef = 4EED68211C6F72C100C6479A /* Assets.xcassets */; };
		4EED68251C6F72C100C6479A /* LaunchScreen.storyboard in Resources */ = {isa = PBXBuildFile; fileRef = 4EED68231C6F72C100C6479A /* LaunchScreen.storyboard */; };
		4EED68301C6F72C100C6479A /* BusLayoutTests.m in Sources */ = {isa = PBXBuildFile; fileRef = 4EED682F1C6F72C100C6479A /* BusLayoutTests.m */; };
		4EED684D1C6F879200C6479A /* SeatCollectionView.m in Sources */ = {isa = PBXBuildFile; fileRef = 4EED684C1C6F879200C6479A /* SeatCollectionView.m */; };
		4EED68511C6FA11800C6479A /* SeatCollectionCell.m in Sources */ = {isa = PBXBuildFile; fileRef = 4EED684F1C6FA11800C6479A /* SeatCollectionCell.m */; };
		4EED68521C6FA11800C6479A /* SeatCollectionCell.xib in Resources */ = {isa = PBXBuildFile; fileRef = 4EED68501C6FA11800C6479A /* SeatCollectionCell.xib */; };
		4EED68541C6FA52C00C6479A /* SeatFlowLayout.m in Sources */ = {isa = PBXBuildFile; fileRef = 4EED68531C6FA52C00C6479A /* SeatFlowLayout.m */; };
		4EED685A1C70A7AC00C6479A /* PriceCell.m in Sources */ = {isa = PBXBuildFile; fileRef = 4EED68591C70A7AC00C6479A /* PriceCell.m */; };
/* End PBXBuildFile section */

/* Begin PBXContainerItemProxy section */
		4EED682C1C6F72C100C6479A /* PBXContainerItemProxy */ = {
			isa = PBXContainerItemProxy;
			containerPortal = 4EED680A1C6F72C000C6479A /* Project object */;
			proxyType = 1;
			remoteGlobalIDString = 4EED68111C6F72C000C6479A;
			remoteInfo = BusLayout;
		};
/* End PBXContainerItemProxy section */

/* Begin PBXFileReference section */
		4E1BC5EB1C74F65100E8F0A1 /* SeatModel.h */ = {isa = PBXFileReference; fileEncoding = 4; lastKnownFileType = sourcecode.c.h; path = SeatModel.h; sourceTree = "<group>"; };
		4E1BC5EC1C74F65100E8F0A1 /* SeatModel.m */ = {isa = PBXFileReference; fileEncoding = 4; lastKnownFileType = sourcecode.c.objc; path = SeatModel.m; sourceTree = "<group>"; };
		4E2B632B1C72522E00D4CA3E /* Seat.h */ = {isa = PBXFileReference; fileEncoding = 4; lastKnownFileType = sourcecode.c.h; path = Seat.h; sourceTree = "<group>"; };
		4E2B632C1C72522E00D4CA3E /* Seat.m */ = {isa = PBXFileReference; fileEncoding = 4; lastKnownFileType = sourcecode.c.objc; path = Seat.m; sourceTree = "<group>"; };
		4E2B63361C73B27000D4CA3E /* DriverSeatView.xib */ = {isa = PBXFileReference; fileEncoding = 4; lastKnownFileType = file.xib; path = DriverSeatView.xib; sourceTree = "<group>"; };
		4EED68121C6F72C000C6479A /* BusLayout.app */ = {isa = PBXFileReference; explicitFileType = wrapper.application; includeInIndex = 0; path = BusLayout.app; sourceTree = BUILT_PRODUCTS_DIR; };
		4EED68161C6F72C100C6479A /* main.m */ = {isa = PBXFileReference; lastKnownFileType = sourcecode.c.objc; path = main.m; sourceTree = "<group>"; };
		4EED68181C6F72C100C6479A /* AppDelegate.h */ = {isa = PBXFileReference; lastKnownFileType = sourcecode.c.h; path = AppDelegate.h; sourceTree = "<group>"; };
		4EED68191C6F72C100C6479A /* AppDelegate.m */ = {isa = PBXFileReference; lastKnownFileType = sourcecode.c.objc; path = AppDelegate.m; sourceTree = "<group>"; };
		4EED681B1C6F72C100C6479A /* SeatLayoutController.h */ = {isa = PBXFileReference; lastKnownFileType = sourcecode.c.h; path = SeatLayoutController.h; sourceTree = "<group>"; };
		4EED681C1C6F72C100C6479A /* SeatLayoutController.m */ = {isa = PBXFileReference; lastKnownFileType = sourcecode.c.objc; path = SeatLayoutController.m; sourceTree = "<group>"; };
		4EED681F1C6F72C100C6479A /* Base */ = {isa = PBXFileReference; lastKnownFileType = file.storyboard; name = Base; path = Base.lproj/Main.storyboard; sourceTree = "<group>"; };
		4EED68211C6F72C100C6479A /* Assets.xcassets */ = {isa = PBXFileReference; lastKnownFileType = folder.assetcatalog; path = Assets.xcassets; sourceTree = "<group>"; };
		4EED68241C6F72C100C6479A /* Base */ = {isa = PBXFileReference; lastKnownFileType = file.storyboard; name = Base; path = Base.lproj/LaunchScreen.storyboard; sourceTree = "<group>"; };
		4EED68261C6F72C100C6479A /* Info.plist */ = {isa = PBXFileReference; lastKnownFileType = text.plist.xml; path = Info.plist; sourceTree = "<group>"; };
		4EED682B1C6F72C100C6479A /* BusLayoutTests.xctest */ = {isa = PBXFileReference; explicitFileType = wrapper.cfbundle; includeInIndex = 0; path = BusLayoutTests.xctest; sourceTree = BUILT_PRODUCTS_DIR; };
		4EED682F1C6F72C100C6479A /* BusLayoutTests.m */ = {isa = PBXFileReference; lastKnownFileType = sourcecode.c.objc; path = BusLayoutTests.m; sourceTree = "<group>"; };
		4EED68311C6F72C100C6479A /* Info.plist */ = {isa = PBXFileReference; lastKnownFileType = text.plist.xml; path = Info.plist; sourceTree = "<group>"; };
		4EED683A1C6F72C100C6479A /* BusLayoutUITests.m */ = {isa = PBXFileReference; lastKnownFileType = sourcecode.c.objc; path = BusLayoutUITests.m; sourceTree = "<group>"; };
		4EED683C1C6F72C100C6479A /* Info.plist */ = {isa = PBXFileReference; lastKnownFileType = text.plist.xml; path = Info.plist; sourceTree = "<group>"; };
		4EED684B1C6F879200C6479A /* SeatCollectionView.h */ = {isa = PBXFileReference; fileEncoding = 4; lastKnownFileType = sourcecode.c.h; path = SeatCollectionView.h; sourceTree = "<group>"; };
		4EED684C1C6F879200C6479A /* SeatCollectionView.m */ = {isa = PBXFileReference; fileEncoding = 4; lastKnownFileType = sourcecode.c.objc; path = SeatCollectionView.m; sourceTree = "<group>"; };
		4EED684E1C6FA11800C6479A /* SeatCollectionCell.h */ = {isa = PBXFileReference; fileEncoding = 4; lastKnownFileType = sourcecode.c.h; path = SeatCollectionCell.h; sourceTree = "<group>"; };
		4EED684F1C6FA11800C6479A /* SeatCollectionCell.m */ = {isa = PBXFileReference; fileEncoding = 4; lastKnownFileType = sourcecode.c.objc; path = SeatCollectionCell.m; sourceTree = "<group>"; };
		4EED68501C6FA11800C6479A /* SeatCollectionCell.xib */ = {isa = PBXFileReference; fileEncoding = 4; lastKnownFileType = file.xib; path = SeatCollectionCell.xib; sourceTree = "<group>"; };
		4EED68531C6FA52C00C6479A /* SeatFlowLayout.m */ = {isa = PBXFileReference; fileEncoding = 4; lastKnownFileType = sourcecode.c.objc; path = SeatFlowLayout.m; sourceTree = "<group>"; };
		4EED68571C6FA58600C6479A /* SeatFlowLayout.h */ = {isa = PBXFileReference; fileEncoding = 4; lastKnownFileType = sourcecode.c.h; path = SeatFlowLayout.h; sourceTree = "<group>"; };
		4EED68581C70A7AC00C6479A /* PriceCell.h */ = {isa = PBXFileReference; fileEncoding = 4; lastKnownFileType = sourcecode.c.h; path = PriceCell.h; sourceTree = "<group>"; };
		4EED68591C70A7AC00C6479A /* PriceCell.m */ = {isa = PBXFileReference; fileEncoding = 4; lastKnownFileType = sourcecode.c.objc; path = PriceCell.m; sourceTree = "<group>"; };
/* End PBXFileReference section */

/* Begin PBXFrameworksBuildPhase section */
		4EED680F1C6F72C000C6479A /* Frameworks */ = {
			isa = PBXFrameworksBuildPhase;
			buildActionMask = 2147483647;
			files = (
			);
			runOnlyForDeploymentPostprocessing = 0;
		};
		4EED68281C6F72C100C6479A /* Frameworks */ = {
			isa = PBXFrameworksBuildPhase;
			buildActionMask = 2147483647;
			files = (
			);
			runOnlyForDeploymentPostprocessing = 0;
		};
/* End PBXFrameworksBuildPhase section */

/* Begin PBXGroup section */
		4EED68091C6F72C000C6479A = {
			isa = PBXGroup;
			children = (
				4EED68141C6F72C000C6479A /* BusLayout */,
				4EED682E1C6F72C100C6479A /* BusLayoutTests */,
				4EED68391C6F72C100C6479A /* BusLayoutUITests */,
				4EED68131C6F72C000C6479A /* Products */,
			);
			sourceTree = "<group>";
		};
		4EED68131C6F72C000C6479A /* Products */ = {
			isa = PBXGroup;
			children = (
				4EED68121C6F72C000C6479A /* BusLayout.app */,
				4EED682B1C6F72C100C6479A /* BusLayoutTests.xctest */,
			);
			name = Products;
			sourceTree = "<group>";
		};
		4EED68141C6F72C000C6479A /* BusLayout */ = {
			isa = PBXGroup;
			children = (
				4EED68481C6F72D500C6479A /* Delegate Files */,
				4EED68491C6F72E500C6479A /* Controller files */,
				4EED684A1C6F730000C6479A /* StoryBoard And Custom Views */,
				4EED68211C6F72C100C6479A /* Assets.xcassets */,
				4EED68261C6F72C100C6479A /* Info.plist */,
				4EED68151C6F72C100C6479A /* Supporting Files */,
			);
			path = BusLayout;
			sourceTree = "<group>";
		};
		4EED68151C6F72C100C6479A /* Supporting Files */ = {
			isa = PBXGroup;
			children = (
				4EED68161C6F72C100C6479A /* main.m */,
			);
			name = "Supporting Files";
			sourceTree = "<group>";
		};
		4EED682E1C6F72C100C6479A /* BusLayoutTests */ = {
			isa = PBXGroup;
			children = (
				4EED682F1C6F72C100C6479A /* BusLayoutTests.m */,
				4EED68311C6F72C100C6479A /* Info.plist */,
			);
			path = BusLayoutTests;
			sourceTree = "<group>";
		};
		4EED68391C6F72C100C6479A /* BusLayoutUITests */ = {
			isa = PBXGroup;
			children = (
				4EED683A1C6F72C100C6479A /* BusLayoutUITests.m */,
				4EED683C1C6F72C100C6479A /* Info.plist */,
			);
			path = BusLayoutUITests;
			sourceTree = "<group>";
		};
		4EED68481C6F72D500C6479A /* Delegate Files */ = {
			isa = PBXGroup;
			children = (
				4EED68181C6F72C100C6479A /* AppDelegate.h */,
				4EED68191C6F72C100C6479A /* AppDelegate.m */,
			);
			name = "Delegate Files";
			sourceTree = "<group>";
		};
		4EED68491C6F72E500C6479A /* Controller files */ = {
			isa = PBXGroup;
			children = (
				4EED681B1C6F72C100C6479A /* SeatLayoutController.h */,
				4EED681C1C6F72C100C6479A /* SeatLayoutController.m */,
			);
			name = "Controller files";
			sourceTree = "<group>";
		};
		4EED684A1C6F730000C6479A /* StoryBoard And Custom Views */ = {
			isa = PBXGroup;
			children = (
				4E1BC5EB1C74F65100E8F0A1 /* SeatModel.h */,
				4E1BC5EC1C74F65100E8F0A1 /* SeatModel.m */,
				4EED681E1C6F72C100C6479A /* Main.storyboard */,
				4EED68231C6F72C100C6479A /* LaunchScreen.storyboard */,
				4EED68581C70A7AC00C6479A /* PriceCell.h */,
				4EED68591C70A7AC00C6479A /* PriceCell.m */,
				4E2B632B1C72522E00D4CA3E /* Seat.h */,
				4E2B632C1C72522E00D4CA3E /* Seat.m */,
				4EED68571C6FA58600C6479A /* SeatFlowLayout.h */,
				4EED68531C6FA52C00C6479A /* SeatFlowLayout.m */,
				4EED684B1C6F879200C6479A /* SeatCollectionView.h */,
				4EED684C1C6F879200C6479A /* SeatCollectionView.m */,
				4EED684E1C6FA11800C6479A /* SeatCollectionCell.h */,
				4EED684F1C6FA11800C6479A /* SeatCollectionCell.m */,
				4EED68501C6FA11800C6479A /* SeatCollectionCell.xib */,
				4E2B63361C73B27000D4CA3E /* DriverSeatView.xib */,
			);
			name = "StoryBoard And Custom Views";
			sourceTree = "<group>";
		};
/* End PBXGroup section */

/* Begin PBXNativeTarget section */
		4EED68111C6F72C000C6479A /* BusLayout */ = {
			isa = PBXNativeTarget;
			buildConfigurationList = 4EED683F1C6F72C100C6479A /* Build configuration list for PBXNativeTarget "BusLayout" */;
			buildPhases = (
				4EED680E1C6F72C000C6479A /* Sources */,
				4EED680F1C6F72C000C6479A /* Frameworks */,
				4EED68101C6F72C000C6479A /* Resources */,
			);
			buildRules = (
			);
			dependencies = (
			);
			name = BusLayout;
			productName = BusLayout;
			productReference = 4EED68121C6F72C000C6479A /* BusLayout.app */;
			productType = "com.apple.product-type.application";
		};
		4EED682A1C6F72C100C6479A /* BusLayoutTests */ = {
			isa = PBXNativeTarget;
			buildConfigurationList = 4EED68421C6F72C100C6479A /* Build configuration list for PBXNativeTarget "BusLayoutTests" */;
			buildPhases = (
				4EED68271C6F72C100C6479A /* Sources */,
				4EED68281C6F72C100C6479A /* Frameworks */,
				4EED68291C6F72C100C6479A /* Resources */,
			);
			buildRules = (
			);
			dependencies = (
				4EED682D1C6F72C100C6479A /* PBXTargetDependency */,
			);
			name = BusLayoutTests;
			productName = BusLayoutTests;
			productReference = 4EED682B1C6F72C100C6479A /* BusLayoutTests.xctest */;
			productType = "com.apple.product-type.bundle.unit-test";
		};
/* End PBXNativeTarget section */

/* Begin PBXProject section */
		4EED680A1C6F72C000C6479A /* Project object */ = {
			isa = PBXProject;
			attributes = {
				LastUpgradeCheck = 0720;
				ORGANIZATIONNAME = Ashutosh;
				TargetAttributes = {
					4EED68111C6F72C000C6479A = {
						CreatedOnToolsVersion = 7.2;
					};
					4EED682A1C6F72C100C6479A = {
						CreatedOnToolsVersion = 7.2;
						TestTargetID = 4EED68111C6F72C000C6479A;
					};
				};
			};
			buildConfigurationList = 4EED680D1C6F72C000C6479A /* Build configuration list for PBXProject "BusLayout" */;
			compatibilityVersion = "Xcode 3.2";
			developmentRegion = English;
			hasScannedForEncodings = 0;
			knownRegions = (
				en,
				Base,
			);
			mainGroup = 4EED68091C6F72C000C6479A;
			productRefGroup = 4EED68131C6F72C000C6479A /* Products */;
			projectDirPath = "";
			projectRoot = "";
			targets = (
				4EED68111C6F72C000C6479A /* BusLayout */,
				4EED682A1C6F72C100C6479A /* BusLayoutTests */,
			);
		};
/* End PBXProject section */

/* Begin PBXResourcesBuildPhase section */
		4EED68101C6F72C000C6479A /* Resources */ = {
			isa = PBXResourcesBuildPhase;
			buildActionMask = 2147483647;
			files = (
				4EED68521C6FA11800C6479A /* SeatCollectionCell.xib in Resources */,
				4EED68251C6F72C100C6479A /* LaunchScreen.storyboard in Resources */,
				4E2B63371C73B27000D4CA3E /* DriverSeatView.xib in Resources */,
				4EED68221C6F72C100C6479A /* Assets.xcassets in Resources */,
				4EED68201C6F72C100C6479A /* Main.storyboard in Resources */,
			);
			runOnlyForDeploymentPostprocessing = 0;
		};
		4EED68291C6F72C100C6479A /* Resources */ = {
			isa = PBXResourcesBuildPhase;
			buildActionMask = 2147483647;
			files = (
			);
			runOnlyForDeploymentPostprocessing = 0;
		};
/* End PBXResourcesBuildPhase section */

/* Begin PBXSourcesBuildPhase section */
		4EED680E1C6F72C000C6479A /* Sources */ = {
			isa = PBXSourcesBuildPhase;
			buildActionMask = 2147483647;
			files = (
				4EED681D1C6F72C100C6479A /* SeatLayoutController.m in Sources */,
				4EED681A1C6F72C100C6479A /* AppDelegate.m in Sources */,
				4EED68541C6FA52C00C6479A /* SeatFlowLayout.m in Sources */,
				4E1BC5ED1C74F65100E8F0A1 /* SeatModel.m in Sources */,
				4EED68171C6F72C100C6479A /* main.m in Sources */,
				4EED685A1C70A7AC00C6479A /* PriceCell.m in Sources */,
				4EED68511C6FA11800C6479A /* SeatCollectionCell.m in Sources */,
				4E2B632D1C72522E00D4CA3E /* Seat.m in Sources */,
				4EED684D1C6F879200C6479A /* SeatCollectionView.m in Sources */,
			);
			runOnlyForDeploymentPostprocessing = 0;
		};
		4EED68271C6F72C100C6479A /* Sources */ = {
			isa = PBXSourcesBuildPhase;
			buildActionMask = 2147483647;
			files = (
				4EED68301C6F72C100C6479A /* BusLayoutTests.m in Sources */,
			);
			runOnlyForDeploymentPostprocessing = 0;
		};
/* End PBXSourcesBuildPhase section */

/* Begin PBXTargetDependency section */
		4EED682D1C6F72C100C6479A /* PBXTargetDependency */ = {
			isa = PBXTargetDependency;
			target = 4EED68111C6F72C000C6479A /* BusLayout */;
			targetProxy = 4EED682C1C6F72C100C6479A /* PBXContainerItemProxy */;
		};
/* End PBXTargetDependency section */

/* Begin PBXVariantGroup section */
		4EED681E1C6F72C100C6479A /* Main.storyboard */ = {
			isa = PBXVariantGroup;
			children = (
				4EED681F1C6F72C100C6479A /* Base */,
			);
			name = Main.storyboard;
			sourceTree = "<group>";
		};
		4EED68231C6F72C100C6479A /* LaunchScreen.storyboard */ = {
			isa = PBXVariantGroup;
			children = (
				4EED68241C6F72C100C6479A /* Base */,
			);
			name = LaunchScreen.storyboard;
			sourceTree = "<group>";
		};
/* End PBXVariantGroup section */

/* Begin XCBuildConfiguration section */
		4EED683D1C6F72C100C6479A /* Debug */ = {
			isa = XCBuildConfiguration;
			buildSettings = {
				ALWAYS_SEARCH_USER_PATHS = NO;
				CLANG_CXX_LANGUAGE_STANDARD = "gnu++0x";
				CLANG_CXX_LIBRARY = "libc++";
				CLANG_ENABLE_MODULES = YES;
				CLANG_ENABLE_OBJC_ARC = YES;
				CLANG_WARN_BOOL_CONVERSION = YES;
				CLANG_WARN_CONSTANT_CONVERSION = YES;
				CLANG_WARN_DIRECT_OBJC_ISA_USAGE = YES_ERROR;
				CLANG_WARN_EMPTY_BODY = YES;
				CLANG_WARN_ENUM_CONVERSION = YES;
				CLANG_WARN_INT_CONVERSION = YES;
				CLANG_WARN_OBJC_ROOT_CLASS = YES_ERROR;
				CLANG_WARN_UNREACHABLE_CODE = YES;
				CLANG_WARN__DUPLICATE_METHOD_MATCH = YES;
				"CODE_SIGN_IDENTITY[sdk=iphoneos*]" = "iPhone Developer";
				COPY_PHASE_STRIP = NO;
				DEBUG_INFORMATION_FORMAT = dwarf;
				ENABLE_STRICT_OBJC_MSGSEND = YES;
				ENABLE_TESTABILITY = YES;
				GCC_C_LANGUAGE_STANDARD = gnu99;
				GCC_DYNAMIC_NO_PIC = NO;
				GCC_NO_COMMON_BLOCKS = YES;
				GCC_OPTIMIZATION_LEVEL = 0;
				GCC_PREPROCESSOR_DEFINITIONS = (
					"DEBUG=1",
					"$(inherited)",
				);
				GCC_WARN_64_TO_32_BIT_CONVERSION = YES;
				GCC_WARN_ABOUT_RETURN_TYPE = YES_ERROR;
				GCC_WARN_UNDECLARED_SELECTOR = YES;
				GCC_WARN_UNINITIALIZED_AUTOS = YES_AGGRESSIVE;
				GCC_WARN_UNUSED_FUNCTION = YES;
				GCC_WARN_UNUSED_VARIABLE = YES;
				IPHONEOS_DEPLOYMENT_TARGET = 9.2;
				MTL_ENABLE_DEBUG_INFO = YES;
				ONLY_ACTIVE_ARCH = YES;
				SDKROOT = iphoneos;
				TARGETED_DEVICE_FAMILY = "1,2";
			};
			name = Debug;
		};
		4EED683E1C6F72C100C6479A /* Release */ = {
			isa = XCBuildConfiguration;
			buildSettings = {
				ALWAYS_SEARCH_USER_PATHS = NO;
				CLANG_CXX_LANGUAGE_STANDARD = "gnu++0x";
				CLANG_CXX_LIBRARY = "libc++";
				CLANG_ENABLE_MODULES = YES;
				CLANG_ENABLE_OBJC_ARC = YES;
				CLANG_WARN_BOOL_CONVERSION = YES;
				CLANG_WARN_CONSTANT_CONVERSION = YES;
				CLANG_WARN_DIRECT_OBJC_ISA_USAGE = YES_ERROR;
				CLANG_WARN_EMPTY_BODY = YES;
				CLANG_WARN_ENUM_CONVERSION = YES;
				CLANG_WARN_INT_CONVERSION = YES;
				CLANG_WARN_OBJC_ROOT_CLASS = YES_ERROR;
				CLANG_WARN_UNREACHABLE_CODE = YES;
				CLANG_WARN__DUPLICATE_METHOD_MATCH = YES;
				"CODE_SIGN_IDENTITY[sdk=iphoneos*]" = "iPhone Developer";
				COPY_PHASE_STRIP = NO;
				DEBUG_INFORMATION_FORMAT = "dwarf-with-dsym";
				ENABLE_NS_ASSERTIONS = NO;
				ENABLE_STRICT_OBJC_MSGSEND = YES;
				GCC_C_LANGUAGE_STANDARD = gnu99;
				GCC_NO_COMMON_BLOCKS = YES;
				GCC_WARN_64_TO_32_BIT_CONVERSION = YES;
				GCC_WARN_ABOUT_RETURN_TYPE = YES_ERROR;
				GCC_WARN_UNDECLARED_SELECTOR = YES;
				GCC_WARN_UNINITIALIZED_AUTOS = YES_AGGRESSIVE;
				GCC_WARN_UNUSED_FUNCTION = YES;
				GCC_WARN_UNUSED_VARIABLE = YES;
				IPHONEOS_DEPLOYMENT_TARGET = 9.2;
				MTL_ENABLE_DEBUG_INFO = NO;
				SDKROOT = iphoneos;
				TARGETED_DEVICE_FAMILY = "1,2";
				VALIDATE_PRODUCT = YES;
			};
			name = Release;
		};
		4EED68401C6F72C100C6479A /* Debug */ = {
			isa = XCBuildConfiguration;
			buildSettings = {
				ASSETCATALOG_COMPILER_APPICON_NAME = AppIcon;
				INFOPLIST_FILE = BusLayout/Info.plist;
				LD_RUNPATH_SEARCH_PATHS = "$(inherited) @executable_path/Frameworks";
				PRODUCT_BUNDLE_IDENTIFIER = com.Ashutosh.BusLayout;
				PRODUCT_NAME = "$(TARGET_NAME)";
			};
			name = Debug;
		};
		4EED68411C6F72C100C6479A /* Release */ = {
			isa = XCBuildConfiguration;
			buildSettings = {
				ASSETCATALOG_COMPILER_APPICON_NAME = AppIcon;
				INFOPLIST_FILE = BusLayout/Info.plist;
				LD_RUNPATH_SEARCH_PATHS = "$(inherited) @executable_path/Frameworks";
				PRODUCT_BUNDLE_IDENTIFIER = com.Ashutosh.BusLayout;
				PRODUCT_NAME = "$(TARGET_NAME)";
			};
			name = Release;
		};
		4EED68431C6F72C100C6479A /* Debug */ = {
			isa = XCBuildConfiguration;
			buildSettings = {
				BUNDLE_LOADER = "$(TEST_HOST)";
				INFOPLIST_FILE = BusLayoutTests/Info.plist;
				LD_RUNPATH_SEARCH_PATHS = "$(inherited) @executable_path/Frameworks @loader_path/Frameworks";
				PRODUCT_BUNDLE_IDENTIFIER = com.Ashutosh.BusLayoutTests;
				PRODUCT_NAME = "$(TARGET_NAME)";
				TEST_HOST = "$(BUILT_PRODUCTS_DIR)/BusLayout.app/BusLayout";
			};
			name = Debug;
		};
		4EED68441C6F72C100C6479A /* Release */ = {
			isa = XCBuildConfiguration;
			buildSettings = {
				BUNDLE_LOADER = "$(TEST_HOST)";
				INFOPLIST_FILE = BusLayoutTests/Info.plist;
				LD_RUNPATH_SEARCH_PATHS = "$(inherited) @executable_path/Frameworks @loader_path/Frameworks";
				PRODUCT_BUNDLE_IDENTIFIER = com.Ashutosh.BusLayoutTests;
				PRODUCT_NAME = "$(TARGET_NAME)";
				TEST_HOST = "$(BUILT_PRODUCTS_DIR)/BusLayout.app/BusLayout";
			};
			name = Release;
		};
/* End XCBuildConfiguration section */

/* Begin XCConfigurationList section */
		4EED680D1C6F72C000C6479A /* Build configuration list for PBXProject "BusLayout" */ = {
			isa = XCConfigurationList;
			buildConfigurations = (
				4EED683D1C6F72C100C6479A /* Debug */,
				4EED683E1C6F72C100C6479A /* Release */,
			);
			defaultConfigurationIsVisible = 0;
			defaultConfigurationName = Release;
		};
		4EED683F1C6F72C100C6479A /* Build configuration list for PBXNativeTarget "BusLayout" */ = {
			isa = XCConfigurationList;
			buildConfigurations = (
				4EED68401C6F72C100C6479A /* Debug */,
				4EED68411C6F72C100C6479A /* Release */,
			);
			defaultConfigurationIsVisible = 0;
			defaultConfigurationName = Release;
		};
		4EED68421C6F72C100C6479A /* Build configuration list for PBXNativeTarget "BusLayoutTests" */ = {
			isa = XCConfigurationList;
			buildConfigurations = (
				4EED68431C6F72C100C6479A /* Debug */,
				4EED68441C6F72C100C6479A /* Release */,
			);
			defaultConfigurationIsVisible = 0;
			defaultConfigurationName = Release;
		};
/* End XCConfigurationList section */
	};
	rootObject = 4EED680A1C6F72C000C6479A /* Project object */;
}
