// !$*UTF8*$!
{
	archiveVersion = 1;
	classes = {
	};
	objectVersion = 46;
	objects = {

/* Begin PBXBuildFile section */
		4EB857C21C884AC900431BA9 /* SeatLayoutController.m in Sources */ = {isa = PBXBuildFile; fileRef = 4EB857C11C884AC900431BA9 /* SeatLayoutController.m */; };
		4EB857C51C884AD400431BA9 /* SeatModel.m in Sources */ = {isa = PBXBuildFile; fileRef = 4EB857C41C884AD400431BA9 /* SeatModel.m */; };
		4EB857D01C884AEB00431BA9 /* DriverSeatView.xib in Resources */ = {isa = PBXBuildFile; fileRef = 4EB857C61C884AEB00431BA9 /* DriverSeatView.xib */; };
		4EB857D11C884AEB00431BA9 /* PriceCell.m in Sources */ = {isa = PBXBuildFile; fileRef = 4EB857C81C884AEB00431BA9 /* PriceCell.m */; };
		4EB857D21C884AEB00431BA9 /* SeatCollectionCell.m in Sources */ = {isa = PBXBuildFile; fileRef = 4EB857CA1C884AEB00431BA9 /* SeatCollectionCell.m */; };
		4EB857D31C884AEB00431BA9 /* SeatCollectionCell.xib in Resources */ = {isa = PBXBuildFile; fileRef = 4EB857CB1C884AEB00431BA9 /* SeatCollectionCell.xib */; };
		4EB857D41C884AEB00431BA9 /* SeatCollectionView.m in Sources */ = {isa = PBXBuildFile; fileRef = 4EB857CD1C884AEB00431BA9 /* SeatCollectionView.m */; };
		4EB857D51C884AEB00431BA9 /* SeatFlowLayout.m in Sources */ = {isa = PBXBuildFile; fileRef = 4EB857CF1C884AEB00431BA9 /* SeatFlowLayout.m */; };
		4EB857DD1C884BA600431BA9 /* Assets.xcassets in Resources */ = {isa = PBXBuildFile; fileRef = 4EB857DB1C884BA600431BA9 /* Assets.xcassets */; };
		4EB857DE1C884BA600431BA9 /* Info.plist in Resources */ = {isa = PBXBuildFile; fileRef = 4EB857DC1C884BA600431BA9 /* Info.plist */; };
		4EED68171C6F72C100C6479A /* main.m in Sources */ = {isa = PBXBuildFile; fileRef = 4EED68161C6F72C100C6479A /* main.m */; };
		4EED681A1C6F72C100C6479A /* AppDelegate.m in Sources */ = {isa = PBXBuildFile; fileRef = 4EED68191C6F72C100C6479A /* AppDelegate.m */; };
		4EED68201C6F72C100C6479A /* Main.storyboard in Resources */ = {isa = PBXBuildFile; fileRef = 4EED681E1C6F72C100C6479A /* Main.storyboard */; };
/* End PBXBuildFile section */

/* Begin PBXFileReference section */
		4EB857C01C884AC200431BA9 /* SeatLayoutController.h */ = {isa = PBXFileReference; fileEncoding = 4; lastKnownFileType = sourcecode.c.h; name = SeatLayoutController.h; path = Controllers/SeatLayoutController.h; sourceTree = "<group>"; };
		4EB857C11C884AC900431BA9 /* SeatLayoutController.m */ = {isa = PBXFileReference; fileEncoding = 4; lastKnownFileType = sourcecode.c.objc; name = SeatLayoutController.m; path = Controllers/SeatLayoutController.m; sourceTree = "<group>"; };
		4EB857C31C884AD400431BA9 /* SeatModel.h */ = {isa = PBXFileReference; fileEncoding = 4; lastKnownFileType = sourcecode.c.h; name = SeatModel.h; path = Models/SeatModel.h; sourceTree = "<group>"; };
		4EB857C41C884AD400431BA9 /* SeatModel.m */ = {isa = PBXFileReference; fileEncoding = 4; lastKnownFileType = sourcecode.c.objc; name = SeatModel.m; path = Models/SeatModel.m; sourceTree = "<group>"; };
		4EB857C61C884AEB00431BA9 /* DriverSeatView.xib */ = {isa = PBXFileReference; fileEncoding = 4; lastKnownFileType = file.xib; name = DriverSeatView.xib; path = Views/DriverSeatView.xib; sourceTree = "<group>"; };
		4EB857C71C884AEB00431BA9 /* PriceCell.h */ = {isa = PBXFileReference; fileEncoding = 4; lastKnownFileType = sourcecode.c.h; name = PriceCell.h; path = Views/PriceCell.h; sourceTree = "<group>"; };
		4EB857C81C884AEB00431BA9 /* PriceCell.m */ = {isa = PBXFileReference; fileEncoding = 4; lastKnownFileType = sourcecode.c.objc; name = PriceCell.m; path = Views/PriceCell.m; sourceTree = "<group>"; };
		4EB857C91C884AEB00431BA9 /* SeatCollectionCell.h */ = {isa = PBXFileReference; fileEncoding = 4; lastKnownFileType = sourcecode.c.h; name = SeatCollectionCell.h; path = Views/SeatCollectionCell.h; sourceTree = "<group>"; };
		4EB857CA1C884AEB00431BA9 /* SeatCollectionCell.m */ = {isa = PBXFileReference; fileEncoding = 4; lastKnownFileType = sourcecode.c.objc; name = SeatCollectionCell.m; path = Views/SeatCollectionCell.m; sourceTree = "<group>"; };
		4EB857CB1C884AEB00431BA9 /* SeatCollectionCell.xib */ = {isa = PBXFileReference; fileEncoding = 4; lastKnownFileType = file.xib; name = SeatCollectionCell.xib; path = Views/SeatCollectionCell.xib; sourceTree = "<group>"; };
		4EB857CC1C884AEB00431BA9 /* SeatCollectionView.h */ = {isa = PBXFileReference; fileEncoding = 4; lastKnownFileType = sourcecode.c.h; name = SeatCollectionView.h; path = Views/SeatCollectionView.h; sourceTree = "<group>"; };
		4EB857CD1C884AEB00431BA9 /* SeatCollectionView.m */ = {isa = PBXFileReference; fileEncoding = 4; lastKnownFileType = sourcecode.c.objc; name = SeatCollectionView.m; path = Views/SeatCollectionView.m; sourceTree = "<group>"; };
		4EB857CE1C884AEB00431BA9 /* SeatFlowLayout.h */ = {isa = PBXFileReference; fileEncoding = 4; lastKnownFileType = sourcecode.c.h; name = SeatFlowLayout.h; path = Views/SeatFlowLayout.h; sourceTree = "<group>"; };
		4EB857CF1C884AEB00431BA9 /* SeatFlowLayout.m */ = {isa = PBXFileReference; fileEncoding = 4; lastKnownFileType = sourcecode.c.objc; name = SeatFlowLayout.m; path = Views/SeatFlowLayout.m; sourceTree = "<group>"; };
		4EB857DB1C884BA600431BA9 /* Assets.xcassets */ = {isa = PBXFileReference; lastKnownFileType = folder.assetcatalog; path = Assets.xcassets; sourceTree = "<group>"; };
		4EB857DC1C884BA600431BA9 /* Info.plist */ = {isa = PBXFileReference; fileEncoding = 4; lastKnownFileType = text.plist.xml; path = Info.plist; sourceTree = "<group>"; };
		4EED68121C6F72C000C6479A /* BusLayout.app */ = {isa = PBXFileReference; explicitFileType = wrapper.application; includeInIndex = 0; path = BusLayout.app; sourceTree = BUILT_PRODUCTS_DIR; };
		4EED68161C6F72C100C6479A /* main.m */ = {isa = PBXFileReference; lastKnownFileType = sourcecode.c.objc; path = main.m; sourceTree = "<group>"; };
		4EED68181C6F72C100C6479A /* AppDelegate.h */ = {isa = PBXFileReference; lastKnownFileType = sourcecode.c.h; path = AppDelegate.h; sourceTree = "<group>"; };
		4EED68191C6F72C100C6479A /* AppDelegate.m */ = {isa = PBXFileReference; lastKnownFileType = sourcecode.c.objc; path = AppDelegate.m; sourceTree = "<group>"; };
		4EED681F1C6F72C100C6479A /* Base */ = {isa = PBXFileReference; lastKnownFileType = file.storyboard; name = Base; path = Base.lproj/Main.storyboard; sourceTree = "<group>"; };
/* End PBXFileReference section */

/* Begin PBXFrameworksBuildPhase section */
		4EED680F1C6F72C000C6479A /* Frameworks */ = {
			isa = PBXFrameworksBuildPhase;
			buildActionMask = 2147483647;
			files = (
			);
			runOnlyForDeploymentPostprocessing = 0;
		};
/* End PBXFrameworksBuildPhase section */

/* Begin PBXGroup section */
		4EB857BF1C88497B00431BA9 /* Model */ = {
			isa = PBXGroup;
			children = (
				4EB857C31C884AD400431BA9 /* SeatModel.h */,
				4EB857C41C884AD400431BA9 /* SeatModel.m */,
			);
			name = Model;
			sourceTree = "<group>";
		};
		4EED68091C6F72C000C6479A = {
			isa = PBXGroup;
			children = (
				4EED68141C6F72C000C6479A /* BusLayout */,
				4EED68131C6F72C000C6479A /* Products */,
			);
			sourceTree = "<group>";
		};
		4EED68131C6F72C000C6479A /* Products */ = {
			isa = PBXGroup;
			children = (
				4EED68121C6F72C000C6479A /* BusLayout.app */,
			);
			name = Products;
			sourceTree = "<group>";
		};
		4EED68141C6F72C000C6479A /* BusLayout */ = {
			isa = PBXGroup;
			children = (
				4EB857DB1C884BA600431BA9 /* Assets.xcassets */,
				4EB857DC1C884BA600431BA9 /* Info.plist */,
				4EED68481C6F72D500C6479A /* Delegate Files */,
				4EED68491C6F72E500C6479A /* Controller files */,
				4EB857BF1C88497B00431BA9 /* Model */,
				4EED684A1C6F730000C6479A /* StoryBoard And Custom Views */,
				4EED68151C6F72C100C6479A /* Supporting Files */,
			);
			path = BusLayout;
			sourceTree = "<group>";
		};
		4EED68151C6F72C100C6479A /* Supporting Files */ = {
			isa = PBXGroup;
			children = (
				4EED68161C6F72C100C6479A /* main.m */,
			);
			name = "Supporting Files";
			sourceTree = "<group>";
		};
		4EED68481C6F72D500C6479A /* Delegate Files */ = {
			isa = PBXGroup;
			children = (
				4EED68181C6F72C100C6479A /* AppDelegate.h */,
				4EED68191C6F72C100C6479A /* AppDelegate.m */,
			);
			name = "Delegate Files";
			sourceTree = "<group>";
		};
		4EED68491C6F72E500C6479A /* Controller files */ = {
			isa = PBXGroup;
			children = (
				4EB857C11C884AC900431BA9 /* SeatLayoutController.m */,
				4EB857C01C884AC200431BA9 /* SeatLayoutController.h */,
			);
			name = "Controller files";
			sourceTree = "<group>";
		};
		4EED684A1C6F730000C6479A /* StoryBoard And Custom Views */ = {
			isa = PBXGroup;
			children = (
				4EB857C61C884AEB00431BA9 /* DriverSeatView.xib */,
				4EB857C71C884AEB00431BA9 /* PriceCell.h */,
				4EB857C81C884AEB00431BA9 /* PriceCell.m */,
				4EB857C91C884AEB00431BA9 /* SeatCollectionCell.h */,
				4EB857CA1C884AEB00431BA9 /* SeatCollectionCell.m */,
				4EB857CB1C884AEB00431BA9 /* SeatCollectionCell.xib */,
				4EB857CC1C884AEB00431BA9 /* SeatCollectionView.h */,
				4EB857CD1C884AEB00431BA9 /* SeatCollectionView.m */,
				4EB857CE1C884AEB00431BA9 /* SeatFlowLayout.h */,
				4EB857CF1C884AEB00431BA9 /* SeatFlowLayout.m */,
				4EED681E1C6F72C100C6479A /* Main.storyboard */,
			);
			name = "StoryBoard And Custom Views";
			sourceTree = "<group>";
		};
/* End PBXGroup section */

/* Begin PBXNativeTarget section */
		4EED68111C6F72C000C6479A /* BusLayout */ = {
			isa = PBXNativeTarget;
			buildConfigurationList = 4EED683F1C6F72C100C6479A /* Build configuration list for PBXNativeTarget "BusLayout" */;
			buildPhases = (
				4EED680E1C6F72C000C6479A /* Sources */,
				4EED680F1C6F72C000C6479A /* Frameworks */,
				4EED68101C6F72C000C6479A /* Resources */,
			);
			buildRules = (
			);
			dependencies = (
			);
			name = BusLayout;
			productName = BusLayout;
			productReference = 4EED68121C6F72C000C6479A /* BusLayout.app */;
			productType = "com.apple.product-type.application";
		};
/* End PBXNativeTarget section */

/* Begin PBXProject section */
		4EED680A1C6F72C000C6479A /* Project object */ = {
			isa = PBXProject;
			attributes = {
				LastUpgradeCheck = 0720;
				ORGANIZATIONNAME = Ashutosh;
				TargetAttributes = {
					4EED68111C6F72C000C6479A = {
						CreatedOnToolsVersion = 7.2;
					};
				};
			};
			buildConfigurationList = 4EED680D1C6F72C000C6479A /* Build configuration list for PBXProject "BusLayout" */;
			compatibilityVersion = "Xcode 3.2";
			developmentRegion = English;
			hasScannedForEncodings = 0;
			knownRegions = (
				en,
				Base,
			);
			mainGroup = 4EED68091C6F72C000C6479A;
			productRefGroup = 4EED68131C6F72C000C6479A /* Products */;
			projectDirPath = "";
			projectRoot = "";
			targets = (
				4EED68111C6F72C000C6479A /* BusLayout */,
			);
		};
/* End PBXProject section */

/* Begin PBXResourcesBuildPhase section */
		4EED68101C6F72C000C6479A /* Resources */ = {
			isa = PBXResourcesBuildPhase;
			buildActionMask = 2147483647;
			files = (
				4EB857D31C884AEB00431BA9 /* SeatCollectionCell.xib in Resources */,
				4EB857D01C884AEB00431BA9 /* DriverSeatView.xib in Resources */,
				4EB857DD1C884BA600431BA9 /* Assets.xcassets in Resources */,
				4EB857DE1C884BA600431BA9 /* Info.plist in Resources */,
				4EED68201C6F72C100C6479A /* Main.storyboard in Resources */,
			);
			runOnlyForDeploymentPostprocessing = 0;
		};
/* End PBXResourcesBuildPhase section */

/* Begin PBXSourcesBuildPhase section */
		4EED680E1C6F72C000C6479A /* Sources */ = {
			isa = PBXSourcesBuildPhase;
			buildActionMask = 2147483647;
			files = (
				4EB857D11C884AEB00431BA9 /* PriceCell.m in Sources */,
				4EB857D41C884AEB00431BA9 /* SeatCollectionView.m in Sources */,
				4EB857C21C884AC900431BA9 /* SeatLayoutController.m in Sources */,
				4EB857D21C884AEB00431BA9 /* SeatCollectionCell.m in Sources */,
				4EED681A1C6F72C100C6479A /* AppDelegate.m in Sources */,
				4EED68171C6F72C100C6479A /* main.m in Sources */,
				4EB857D51C884AEB00431BA9 /* SeatFlowLayout.m in Sources */,
				4EB857C51C884AD400431BA9 /* SeatModel.m in Sources */,
			);
			runOnlyForDeploymentPostprocessing = 0;
		};
/* End PBXSourcesBuildPhase section */

/* Begin PBXVariantGroup section */
		4EED681E1C6F72C100C6479A /* Main.storyboard */ = {
			isa = PBXVariantGroup;
			children = (
				4EED681F1C6F72C100C6479A /* Base */,
			);
			name = Main.storyboard;
			sourceTree = "<group>";
		};
/* End PBXVariantGroup section */

/* Begin XCBuildConfiguration section */
		4EED683D1C6F72C100C6479A /* Debug */ = {
			isa = XCBuildConfiguration;
			buildSettings = {
				ALWAYS_SEARCH_USER_PATHS = NO;
				CLANG_CXX_LANGUAGE_STANDARD = "gnu++0x";
				CLANG_CXX_LIBRARY = "libc++";
				CLANG_ENABLE_MODULES = YES;
				CLANG_ENABLE_OBJC_ARC = YES;
				CLANG_WARN_BOOL_CONVERSION = YES;
				CLANG_WARN_CONSTANT_CONVERSION = YES;
				CLANG_WARN_DIRECT_OBJC_ISA_USAGE = YES_ERROR;
				CLANG_WARN_EMPTY_BODY = YES;
				CLANG_WARN_ENUM_CONVERSION = YES;
				CLANG_WARN_INT_CONVERSION = YES;
				CLANG_WARN_OBJC_ROOT_CLASS = YES_ERROR;
				CLANG_WARN_UNREACHABLE_CODE = YES;
				CLANG_WARN__DUPLICATE_METHOD_MATCH = YES;
				"CODE_SIGN_IDENTITY[sdk=iphoneos*]" = "iPhone Developer";
				COPY_PHASE_STRIP = NO;
				DEBUG_INFORMATION_FORMAT = dwarf;
				ENABLE_STRICT_OBJC_MSGSEND = YES;
				ENABLE_TESTABILITY = YES;
				GCC_C_LANGUAGE_STANDARD = gnu99;
				GCC_DYNAMIC_NO_PIC = NO;
				GCC_NO_COMMON_BLOCKS = YES;
				GCC_OPTIMIZATION_LEVEL = 0;
				GCC_PREPROCESSOR_DEFINITIONS = (
					"DEBUG=1",
					"$(inherited)",
				);
				GCC_WARN_64_TO_32_BIT_CONVERSION = YES;
				GCC_WARN_ABOUT_RETURN_TYPE = YES_ERROR;
				GCC_WARN_UNDECLARED_SELECTOR = YES;
				GCC_WARN_UNINITIALIZED_AUTOS = YES_AGGRESSIVE;
				GCC_WARN_UNUSED_FUNCTION = YES;
				GCC_WARN_UNUSED_VARIABLE = YES;
				IPHONEOS_DEPLOYMENT_TARGET = 7.0;
				MTL_ENABLE_DEBUG_INFO = YES;
				ONLY_ACTIVE_ARCH = YES;
				SDKROOT = iphoneos;
				TARGETED_DEVICE_FAMILY = "1,2";
			};
			name = Debug;
		};
		4EED683E1C6F72C100C6479A /* Release */ = {
			isa = XCBuildConfiguration;
			buildSettings = {
				ALWAYS_SEARCH_USER_PATHS = NO;
				CLANG_CXX_LANGUAGE_STANDARD = "gnu++0x";
				CLANG_CXX_LIBRARY = "libc++";
				CLANG_ENABLE_MODULES = YES;
				CLANG_ENABLE_OBJC_ARC = YES;
				CLANG_WARN_BOOL_CONVERSION = YES;
				CLANG_WARN_CONSTANT_CONVERSION = YES;
				CLANG_WARN_DIRECT_OBJC_ISA_USAGE = YES_ERROR;
				CLANG_WARN_EMPTY_BODY = YES;
				CLANG_WARN_ENUM_CONVERSION = YES;
				CLANG_WARN_INT_CONVERSION = YES;
				CLANG_WARN_OBJC_ROOT_CLASS = YES_ERROR;
				CLANG_WARN_UNREACHABLE_CODE = YES;
				CLANG_WARN__DUPLICATE_METHOD_MATCH = YES;
				"CODE_SIGN_IDENTITY[sdk=iphoneos*]" = "iPhone Developer";
				COPY_PHASE_STRIP = NO;
				DEBUG_INFORMATION_FORMAT = "dwarf-with-dsym";
				ENABLE_NS_ASSERTIONS = NO;
				ENABLE_STRICT_OBJC_MSGSEND = YES;
				GCC_C_LANGUAGE_STANDARD = gnu99;
				GCC_NO_COMMON_BLOCKS = YES;
				GCC_WARN_64_TO_32_BIT_CONVERSION = YES;
				GCC_WARN_ABOUT_RETURN_TYPE = YES_ERROR;
				GCC_WARN_UNDECLARED_SELECTOR = YES;
				GCC_WARN_UNINITIALIZED_AUTOS = YES_AGGRESSIVE;
				GCC_WARN_UNUSED_FUNCTION = YES;
				GCC_WARN_UNUSED_VARIABLE = YES;
				IPHONEOS_DEPLOYMENT_TARGET = 7.0;
				MTL_ENABLE_DEBUG_INFO = NO;
				SDKROOT = iphoneos;
				TARGETED_DEVICE_FAMILY = "1,2";
				VALIDATE_PRODUCT = YES;
			};
			name = Release;
		};
		4EED68401C6F72C100C6479A /* Debug */ = {
			isa = XCBuildConfiguration;
			buildSettings = {
				ASSETCATALOG_COMPILER_APPICON_NAME = AppIcon;
				INFOPLIST_FILE = BusLayout/Info.plist;
				LD_RUNPATH_SEARCH_PATHS = "$(inherited) @executable_path/Frameworks";
				PRODUCT_BUNDLE_IDENTIFIER = com.Ashutosh.BusLayout;
				PRODUCT_NAME = "$(TARGET_NAME)";
			};
			name = Debug;
		};
		4EED68411C6F72C100C6479A /* Release */ = {
			isa = XCBuildConfiguration;
			buildSettings = {
				ASSETCATALOG_COMPILER_APPICON_NAME = AppIcon;
				INFOPLIST_FILE = BusLayout/Info.plist;
				LD_RUNPATH_SEARCH_PATHS = "$(inherited) @executable_path/Frameworks";
				PRODUCT_BUNDLE_IDENTIFIER = com.Ashutosh.BusLayout;
				PRODUCT_NAME = "$(TARGET_NAME)";
			};
			name = Release;
		};
/* End XCBuildConfiguration section */

/* Begin XCConfigurationList section */
		4EED680D1C6F72C000C6479A /* Build configuration list for PBXProject "BusLayout" */ = {
			isa = XCConfigurationList;
			buildConfigurations = (
				4EED683D1C6F72C100C6479A /* Debug */,
				4EED683E1C6F72C100C6479A /* Release */,
			);
			defaultConfigurationIsVisible = 0;
			defaultConfigurationName = Release;
		};
		4EED683F1C6F72C100C6479A /* Build configuration list for PBXNativeTarget "BusLayout" */ = {
			isa = XCConfigurationList;
			buildConfigurations = (
				4EED68401C6F72C100C6479A /* Debug */,
				4EED68411C6F72C100C6479A /* Release */,
			);
			defaultConfigurationIsVisible = 0;
			defaultConfigurationName = Release;
		};
/* End XCConfigurationList section */
	};
	rootObject = 4EED680A1C6F72C000C6479A /* Project object */;
}
